<?xml version="1.0" encoding="utf-8"?>
<Project ToolsVersion="4.0" xmlns="http://schemas.microsoft.com/developer/msbuild/2003">
  <ItemGroup>
    <Filter Include="Source Files">
      <UniqueIdentifier>{4FC737F1-C7A5-4376-A066-2A32D752A2FF}</UniqueIdentifier>
      <Extensions>cpp;c;cc;cxx;c++;cppm;ixx;def;odl;idl;hpj;bat;asm;asmx</Extensions>
    </Filter>
    <Filter Include="Header Files">
      <UniqueIdentifier>{93995380-89BD-4b04-88EB-625FBE52EBFB}</UniqueIdentifier>
      <Extensions>h;hh;hpp;hxx;h++;hm;inl;inc;ipp;xsd</Extensions>
    </Filter>
    <Filter Include="Resource Files">
      <UniqueIdentifier>{67DA6AB6-F800-4c08-8B7A-83BB121AAD01}</UniqueIdentifier>
      <Extensions>rc;ico;cur;bmp;dlg;rc2;rct;bin;rgs;gif;jpg;jpeg;jpe;resx;tiff;tif;png;wav;mfcribbon-ms</Extensions>
    </Filter>
    <Filter Include="Shaders">
      <UniqueIdentifier>{e543b513-32c3-4760-8aca-e04ea4387090}</UniqueIdentifier>
    </Filter>
  </ItemGroup>
  <ItemGroup>
    <None Include="packages.config" />
    <None Include=".github\copilot-instructions.md" />
    <None Include="Shaders\triangle_ps.hlsl" />
    <None Include="Content\AssetRegistry.json" />
    <None Include="Content\Audio\README.md" />
    <None Include="Content\Materials\default.material.json" />
    <None Include="Content\Prefabs\tree.prefab.json" />
    <None Include="Content\Prefabs\tree_oak.prefab.json" />
    <None Include="Content\Prefabs\tree_pine.prefab.json" />
    <None Include="Content\Prefabs\tree_birch.prefab.json" />
    <None Include="Content\Prefabs\tree_dead.prefab.json" />
    <None Include="Content\Prefabs\bush_small.prefab.json" />
    <None Include="Content\Prefabs\bush_dense.prefab.json" />
    <None Include="Content\Prefabs\rock_small.prefab.json" />
    <None Include="Content\Prefabs\rock_medium.prefab.json" />
    <None Include="Content\Prefabs\rock_large.prefab.json" />
    <None Include="Content\Prefabs\rock_cluster.prefab.json" />
    <None Include="Content\Prefabs\rock_mossy.prefab.json" />
    <None Include="Content\Prefabs\signpost.prefab.json" />
    <None Include="Content\Prefabs\fence_segment.prefab.json" />
    <None Include="Content\Prefabs\marker_stone.prefab.json" />
    <None Include="Content\Prefabs\crate.prefab.json" />
    <None Include="Content\Prefabs\barrel.prefab.json" />
    <None Include="Content\Prefabs\campfire_ring.prefab.json" />
    <None Include="Content\Prefabs\tent_blockout.prefab.json" />
    <None Include="Content\Prefabs\player_hero_blockout.prefab.json" />
    <None Include="Content\Prefabs\pillar.prefab.json" />
    <None Include="Content\Prefabs\pillar_broken.prefab.json" />
    <None Include="Content\Prefabs\low_wall.prefab.json" />
    <None Include="Content\Prefabs\arch_blockout.prefab.json" />
    <None Include="Content\Prefabs\well.prefab.json" />
    <None Include="Content\Prefabs\flower_patch.prefab.json" />
    <None Include="Content\Prefabs\grass_tuft.prefab.json" />
    <None Include="Content\Prefabs\hill_marker.prefab.json" />
    <None Include="Content\Prefabs\crystal_formation.prefab.json" />
    <None Include="Content\Prefabs\fallen_log.prefab.json" />
    <None Include="Content\Prefabs\mushroom_ring.prefab.json" />
    <None Include="Content\Scenes\test.scene.json" />
    <None Include="Content\World\world.json" />
    <None Include="Content\World\cell_0_0.json" />
    <None Include="docs\ASSET_REGISTRY.md" />
    <None Include="docs\ASSETS.md" />
    <None Include="docs\THIRD_PARTY.md" />
    <None Include="docs\ROADMAP_VENDORING.md" />
    <None Include="docs\WORLD_EDITOR.md" />
    <None Include="docs\PREFABS_GUIDE.md" />
    <None Include="third_party\imgui\LICENSE.txt" />
    <None Include="third_party\nlohmann\LICENSE.txt" />
    <None Include="third_party\tracy\LICENSE.txt" />
    <None Include="third_party\DirectXTex\LICENSE.txt" />
    <None Include="docs\Architecture.md" />
    <None Include="docs\Workflow.md" />
    <None Include="x64\.md" />
    <None Include=".editorconfig" />
  </ItemGroup>
  <ItemGroup>
    <ClCompile Include="src\app\Main.cpp">
      <Filter>Source Files</Filter>
    </ClCompile>
    <ClCompile Include="src\audio\AudioManager.cpp">
      <Filter>Source Files</Filter>
    </ClCompile>
    <ClCompile Include="src\platform\win32\Win32Window.cpp">
      <Filter>Source Files</Filter>
    </ClCompile>
    <ClCompile Include="src\rendering\d3d11\D3D11Renderer.cpp">
      <Filter>Source Files</Filter>
    </ClCompile>
    <ClCompile Include="src\logger\Logger.cpp">
      <Filter>Source Files</Filter>
    </ClCompile>
    <ClCompile Include="src\game\Forest.cpp">
      <Filter>Source Files</Filter>
    </ClCompile>
    <ClCompile Include="src\game\PrefabLibrary.cpp">
      <Filter>Source Files</Filter>
    </ClCompile>
    <ClCompile Include="src\game\PrimitiveRenderer.cpp">
      <Filter>Source Files</Filter>
    </ClCompile>
    <ClCompile Include="src\game\ParticleSystem.cpp">
      <Filter>Source Files</Filter>
    </ClCompile>
    <ClCompile Include="src\game\RuntimeScene.cpp">
      <Filter>Source Files</Filter>
    </ClCompile>
    <ClCompile Include="src\assets\AssetLoader.cpp">
      <Filter>Source Files</Filter>
    </ClCompile>
    <ClCompile Include="src\assets\AssetRegistry.cpp">
      <Filter>Source Files</Filter>
    </ClCompile>
    <ClCompile Include="src\assets\TextureCache.cpp">
      <Filter>Source Files</Filter>
    </ClCompile>
    <ClCompile Include="src\game\CameraController.cpp">
      <Filter>Source Files</Filter>
    </ClCompile>
    <ClCompile Include="src\game\physics\CollisionWorld.cpp">
      <Filter>Source Files</Filter>
    </ClCompile>
    <ClCompile Include="src\game\actors\PlayerActor.cpp">
      <Filter>Source Files</Filter>
    </ClCompile>
    <ClCompile Include="src\game\actors\EnemyActor.cpp">
      <Filter>Source Files</Filter>
    </ClCompile>
    <ClCompile Include="src\game\combat\CombatSystem.cpp">
      <Filter>Source Files</Filter>
    </ClCompile>
    <ClCompile Include="src\ui\GameHUD.cpp">
      <Filter>Source Files</Filter>
    </ClCompile>
    <ClCompile Include="src\ui\TacticalPauseMenu.cpp">
      <Filter>Source Files</Filter>
    </ClCompile>
    <ClCompile Include="src\ui\DamageNumbers.cpp">
      <Filter>Source Files</Filter>
    </ClCompile>
    <ClCompile Include="src\ui\ImGuiLayer.cpp">
      <Filter>Source Files</Filter>
    </ClCompile>
    <ClCompile Include="src\ui\DialogBox.cpp">
      <Filter>Source Files</Filter>
    </ClCompile>
    <ClCompile Include="src\ui\Minimap.cpp">
      <Filter>Source Files</Filter>
    </ClCompile>
    <ClCompile Include="src\ui\WorldEditor.cpp">
      <Filter>Source Files</Filter>
    </ClCompile>
    <ClCompile Include="src\world\DayNightCycle.cpp">
      <Filter>Source Files</Filter>
    </ClCompile>
    <ClCompile Include="src\world\WeatherSystem.cpp">
      <Filter>Source Files</Filter>
    </ClCompile>
    <ClCompile Include="src\world\WorldGrid.cpp">
      <Filter>Source Files</Filter>
    </ClCompile>
    <ClCompile Include="third_party\imgui\imgui.cpp">
      <Filter>Source Files</Filter>
    </ClCompile>
    <ClCompile Include="third_party\imgui\imgui_draw.cpp">
      <Filter>Source Files</Filter>
    </ClCompile>
    <ClCompile Include="third_party\imgui\imgui_tables.cpp">
      <Filter>Source Files</Filter>
    </ClCompile>
    <ClCompile Include="third_party\imgui\imgui_widgets.cpp">
      <Filter>Source Files</Filter>
    </ClCompile>
    <ClCompile Include="third_party\imgui\imgui_demo.cpp">
      <Filter>Source Files</Filter>
    </ClCompile>
    <ClCompile Include="third_party\imgui\backends\imgui_impl_win32.cpp">
      <Filter>Source Files</Filter>
    </ClCompile>
    <ClCompile Include="third_party\imgui\backends\imgui_impl_dx11.cpp">
      <Filter>Source Files</Filter>
</ClCompile>
<!-- Insert the following inside the <ItemGroup> that contains <ClCompile> entries (each entry should include <Filter>Source Files</Filter>) -->
    <ClCompile Include="src\assets\CreationMaterialLoader.cpp">
      <Filter>Source Files</Filter>
    </ClCompile>
    <ClCompile Include="src\game\animation\AnimClipLoader.cpp">
      <Filter>Source Files</Filter>
    </ClCompile>
    <ClCompile Include="src\game\animation\AnimPackManifestLoader.cpp">
      <Filter>Source Files</Filter>
    </ClCompile>
    <ClCompile Include="src\game\animation\AnimationSystem.cpp">
      <Filter>Source Files</Filter>
    </ClCompile>
    <ClCompile Include="src\game\animation\PlayerAnimBridge.cpp">
      <Filter>Source Files</Filter>
    </ClCompile>
    <ClCompile Include="src\game\animation\AnimEventDispatch.cpp">
      <Filter>Source Files</Filter>
    </ClCompile>
    
  </ItemGroup>
  <ItemGroup>
    <ClInclude Include="src\platform\win32\Win32Window.hpp">
      <Filter>Header Files</Filter>
    </ClInclude>
    <ClInclude Include="src\rendering\d3d11\D3D11Renderer.hpp">
      <Filter>Header Files</Filter>
    </ClInclude>
    <ClInclude Include="src\logger\Logger.hpp">
      <Filter>Header Files</Filter>
    </ClInclude>
    <ClInclude Include="src\game\Forest.hpp">
      <Filter>Header Files</Filter>
    </ClInclude>
    <ClInclude Include="src\game\PrefabDef.hpp">
      <Filter>Header Files</Filter>
    </ClInclude>
    <ClInclude Include="src\game\PrefabLibrary.hpp">
      <Filter>Header Files</Filter>
    </ClInclude>
    <ClInclude Include="src\game\PrimitiveRenderer.hpp">
      <Filter>Header Files</Filter>
    </ClInclude>
    <ClInclude Include="src\game\ParticleSystem.hpp">
      <Filter>Header Files</Filter>
    </ClInclude>
    <ClInclude Include="src\assets\AssetLoader.hpp">
      <Filter>Header Files</Filter>
    </ClInclude>
    <ClInclude Include="src\assets\AssetRegistry.hpp">
      <Filter>Header Files</Filter>
    </ClInclude>
    <ClInclude Include="src\assets\TextureCache.hpp">
      <Filter>Header Files</Filter>
    </ClInclude>
    <ClInclude Include="src\audio\AudioManager.hpp">
      <Filter>Header Files</Filter>
    </ClInclude>
    <ClInclude Include="src\game\CameraController.hpp">
      <Filter>Header Files</Filter>
    </ClInclude>
    <ClInclude Include="src\game\physics\AABB.hpp">
      <Filter>Header Files</Filter>
    </ClInclude>
    <ClInclude Include="src\game\physics\CollisionWorld.hpp">
      <Filter>Header Files</Filter>
    </ClInclude>
    <ClInclude Include="src\game\actors\ActorCommon.hpp">
      <Filter>Header Files</Filter>
    </ClInclude>
    <ClInclude Include="src\game\actors\PlayerActionState.hpp">
      <Filter>Header Files</Filter>
    </ClInclude>
    <ClInclude Include="src\game\actors\PlayerActor.hpp">
      <Filter>Header Files</Filter>
    </ClInclude>
    <ClInclude Include="src\game\actors\EnemyActor.hpp">
      <Filter>Header Files</Filter>
    </ClInclude>
    <ClInclude Include="src\game\actors\EnemyState.hpp">
      <Filter>Header Files</Filter>
    </ClInclude>
    <ClInclude Include="src\game\combat\HitBox.hpp">
      <Filter>Header Files</Filter>
    </ClInclude>
    <ClInclude Include="src\game\combat\CombatSystem.hpp">
      <Filter>Header Files</Filter>
    </ClInclude>
    <ClInclude Include="src\ui\GameHUD.hpp">
      <Filter>Header Files</Filter>
    </ClInclude>
    <ClInclude Include="src\ui\TacticalPauseMenu.hpp">
      <Filter>Header Files</Filter>
    </ClInclude>
    <ClInclude Include="src\ui\DamageNumbers.hpp">
      <Filter>Header Files</Filter>
    </ClInclude>
    <ClInclude Include="src\ui\ImGuiLayer.hpp">
      <Filter>Header Files</Filter>
    </ClInclude>
    <ClInclude Include="src\ui\ScreenProjection.hpp">
      <Filter>Header Files</Filter>
    </ClInclude>
    <ClInclude Include="src\ui\DialogBox.hpp">
      <Filter>Header Files</Filter>
    </ClInclude>
    <ClInclude Include="src\ui\Minimap.hpp">
      <Filter>Header Files</Filter>
    </ClInclude>
    <ClInclude Include="src\ui\WorldEditor.hpp">
      <Filter>Header Files</Filter>
    </ClInclude>
    <ClInclude Include="src\world\DayNightCycle.hpp">
      <Filter>Header Files</Filter>
    </ClInclude>
    <ClInclude Include="src\world\WeatherSystem.hpp">
      <Filter>Header Files</Filter>
    </ClInclude>
    <ClInclude Include="src\world\WorldGrid.hpp">
      <Filter>Header Files</Filter>
    </ClInclude>
  </ItemGroup>
  <ItemGroup>
    <FxCompile Include="Shaders\ground_vs.hlsl" />
    <FxCompile Include="Shaders\ground_ps.hlsl" />
    <FxCompile Include="Shaders\sky_vs.hlsl" />
    <FxCompile Include="Shaders\sky_ps.hlsl" />
    <FxCompile Include="Shaders\basic3d_ps.hlsl" />
    <FxCompile Include="Shaders\basic3d_vs.hlsl" />
  </ItemGroup>
  <ItemGroup>
    <Text Include="docs\Development Roadmap.txt" />
    <Text Include="docs\Engine Cleanup Checklist.txt" />
  </ItemGroup>
  <ItemGroup>
    <Page Include="x64\.xaml" />
  </ItemGroup>
</Project>
